PODS:
  - byteark_player_flutter (0.0.1):
    - ByteArkPlayerSDK (~> 0.3.6)
    - ByteArkPlayerSDKAdsPlugin (~> 0.1.4)
    - ByteArkPlayerSDKLighthousePlugin (~> 0.1.6)
    - Flutter
  - ByteArkPlayerSDK (0.3.7)
  - ByteArkPlayerSDKAdsPlugin (0.1.4):
    - ByteArkPlayerSDK (~> 0.3.3)
    - GoogleAds-IMA-iOS-SDK (~> 3.24.0)
  - ByteArkPlayerSDKLighthousePlugin (0.1.6):
    - ByteArkPlayerSDK (~> 0.3.3)
    - LighthouseNativeSDK (~> 0.2.14)
  - Flutter (1.0.0)
  - GoogleAds-IMA-iOS-SDK (3.24.0)
  - LighthouseNativeSDK (0.2.14)

DEPENDENCIES:
  - byteark_player_flutter (from `.symlinks/plugins/byteark_player_flutter/ios`)
  - Flutter (from `Flutter`)

SPEC REPOS:
  https://github.com/byteark/byteark-player-sdk-ios-specs.git:
    - ByteArkPlayerSDK
    - ByteArkPlayerSDKAdsPlugin
    - ByteArkPlayerSDKLighthousePlugin
  https://github.com/byteark/lighthouse-sdk-native-ios-specs.git:
    - LighthouseNativeSDK
  https://github.com/CocoaPods/Specs.git:
    - GoogleAds-IMA-iOS-SDK

EXTERNAL SOURCES:
  byteark_player_flutter:
    :path: ".symlinks/plugins/byteark_player_flutter/ios"
  Flutter:
    :path: Flutter

SPEC CHECKSUMS:
  byteark_player_flutter: 23087204c2b5bbeca781fb5c0fda7df444c894f1
  ByteArkPlayerSDK: fbeb9e0bfc2207b58783fe93f964734308c38198
  ByteArkPlayerSDKAdsPlugin: f4fa62fb662599207841c5f088c91130dff4b329
  ByteArkPlayerSDKLighthousePlugin: c4bdd9a1a328ef0f26b88e8019c92b6ebbb82679
  Flutter: e0871f40cf51350855a761d2e70bf5af5b9b5de7
  GoogleAds-IMA-iOS-SDK: bf4dc86b31a1d1b27021008200bbeb6faa689901
  LighthouseNativeSDK: 7b72c572dc475eb859a47878acb7df732cd79c52

PODFILE CHECKSUM: e3b2b451eeca43e842c9a7148ada6c6a66a3524b

COCOAPODS: 1.16.2
